
Microsoft Visual Studio Solution File, Format Version 12.00
# Visual Studio Version 16
VisualStudioVersion = 16.0.29424.173
MinimumVisualStudioVersion = 10.0.40219.1
Project("{FAE04EC0-301F-11D3-BF4B-00C04F79EFBC}") = "Hygeian.Runtime.Core", "Hygeian.Runtime.Core\Hygeian.Runtime.Core.csproj", "{D6479F3C-8E12-4DBA-A629-564D67DA49B9}"
EndProject
Project("{FAE04EC0-301F-11D3-BF4B-00C04F79EFBC}") = "Hygeian.Runtime.Extensions", "Hygeian.Runtime.Extensions\Hygeian.Runtime.Extensions.csproj", "{7CB52373-6F82-488A-9201-B16FE4EC058B}"
EndProject
Global
	GlobalSection(SolutionConfigurationPlatforms) = preSolution
		Debug|Any CPU = Debug|Any CPU
		Release|Any CPU = Release|Any CPU
	EndGlobalSection
	GlobalSection(ProjectConfigurationPlatforms) = postSolution
		{D6479F3C-8E12-4DBA-A629-564D67DA49B9}.Debug|Any CPU.ActiveCfg = Debug|Any CPU
		{D6479F3C-8E12-4DBA-A629-564D67DA49B9}.Debug|Any CPU.Build.0 = Debug|Any CPU
		{D6479F3C-8E12-4DBA-A629-564D67DA49B9}.Release|Any CPU.ActiveCfg = Release|Any CPU
		{D6479F3C-8E12-4DBA-A629-564D67DA49B9}.Release|Any CPU.Build.0 = Release|Any CPU
		{7CB52373-6F82-488A-9201-B16FE4EC058B}.Debug|Any CPU.ActiveCfg = Debug|Any CPU
		{7CB52373-6F82-488A-9201-B16FE4EC058B}.Debug|Any CPU.Build.0 = Debug|Any CPU
		{7CB52373-6F82-488A-9201-B16FE4EC058B}.Release|Any CPU.ActiveCfg = Release|Any CPU
		{7CB52373-6F82-488A-9201-B16FE4EC058B}.Release|Any CPU.Build.0 = Release|Any CPU
	EndGlobalSection
	GlobalSection(SolutionProperties) = preSolution
		HideSolutionNode = FALSE
	EndGlobalSection
	GlobalSection(ExtensibilityGlobals) = postSolution
		SolutionGuid = {367B0CE3-1168-4753-8939-60257C90DD49}
	EndGlobalSection
EndGlobal
